// !$*UTF8*$!
{
	archiveVersion = 1;
	classes = {
	};
	objectVersion = 46;
	objects = {

/* Begin PBXBuildFile section */
		B0DDB01E1DEA34B10068C4F8 /* WardType.swift in Sources */ = {isa = PBXBuildFile; fileRef = B0DDB01D1DEA34B10068C4F8 /* WardType.swift */; };
		B0DDB0231DEA3DF60068C4F8 /* GameState.swift in Sources */ = {isa = PBXBuildFile; fileRef = B0DDB0221DEA3DF60068C4F8 /* GameState.swift */; };
		B0DDB0251DEA3E6F0068C4F8 /* Ward.swift in Sources */ = {isa = PBXBuildFile; fileRef = B0DDB0241DEA3E6F0068C4F8 /* Ward.swift */; };
		B0E4D8311DEA0653005C80FE /* AppDelegate.swift in Sources */ = {isa = PBXBuildFile; fileRef = B0E4D8301DEA0653005C80FE /* AppDelegate.swift */; };
		B0E4D8331DEA0653005C80FE /* MapViewController.swift in Sources */ = {isa = PBXBuildFile; fileRef = B0E4D8321DEA0653005C80FE /* MapViewController.swift */; };
		B0E4D8361DEA0654005C80FE /* Main.storyboard in Resources */ = {isa = PBXBuildFile; fileRef = B0E4D8341DEA0654005C80FE /* Main.storyboard */; };
		B0E4D8381DEA0654005C80FE /* Assets.xcassets in Resources */ = {isa = PBXBuildFile; fileRef = B0E4D8371DEA0654005C80FE /* Assets.xcassets */; };
		B0E4D83B1DEA0654005C80FE /* LaunchScreen.storyboard in Resources */ = {isa = PBXBuildFile; fileRef = B0E4D8391DEA0654005C80FE /* LaunchScreen.storyboard */; };
		B0E4D8461DEA0654005C80FE /* dota_helperTests.swift in Sources */ = {isa = PBXBuildFile; fileRef = B0E4D8451DEA0654005C80FE /* dota_helperTests.swift */; };
		B0E4D8511DEA0A75005C80FE /* ImageName.swift in Sources */ = {isa = PBXBuildFile; fileRef = B0E4D8501DEA0A75005C80FE /* ImageName.swift */; };
		B0E4D8531DEA0CF6005C80FE /* ImageExtension.swift in Sources */ = {isa = PBXBuildFile; fileRef = B0E4D8521DEA0CF6005C80FE /* ImageExtension.swift */; };
		B0E4D85A1DEA11BB005C80FE /* WardView.swift in Sources */ = {isa = PBXBuildFile; fileRef = B0E4D8591DEA11BB005C80FE /* WardView.swift */; };
		B0E4D85C1DEA11CD005C80FE /* WardView.xib in Resources */ = {isa = PBXBuildFile; fileRef = B0E4D85B1DEA11CD005C80FE /* WardView.xib */; };
/* End PBXBuildFile section */

/* Begin PBXContainerItemProxy section */
		B0E4D8421DEA0654005C80FE /* PBXContainerItemProxy */ = {
			isa = PBXContainerItemProxy;
			containerPortal = B0E4D8251DEA0653005C80FE /* Project object */;
			proxyType = 1;
			remoteGlobalIDString = B0E4D82C1DEA0653005C80FE;
			remoteInfo = "dota-helper";
		};
/* End PBXContainerItemProxy section */

/* Begin PBXFileReference section */
		B0DDB01D1DEA34B10068C4F8 /* WardType.swift */ = {isa = PBXFileReference; fileEncoding = 4; lastKnownFileType = sourcecode.swift; path = WardType.swift; sourceTree = "<group>"; };
		B0DDB0221DEA3DF60068C4F8 /* GameState.swift */ = {isa = PBXFileReference; fileEncoding = 4; lastKnownFileType = sourcecode.swift; path = GameState.swift; sourceTree = "<group>"; };
		B0DDB0241DEA3E6F0068C4F8 /* Ward.swift */ = {isa = PBXFileReference; fileEncoding = 4; lastKnownFileType = sourcecode.swift; path = Ward.swift; sourceTree = "<group>"; };
		B0E4D82D1DEA0653005C80FE /* dota-helper.app */ = {isa = PBXFileReference; explicitFileType = wrapper.application; includeInIndex = 0; path = "dota-helper.app"; sourceTree = BUILT_PRODUCTS_DIR; };
		B0E4D8301DEA0653005C80FE /* AppDelegate.swift */ = {isa = PBXFileReference; lastKnownFileType = sourcecode.swift; path = AppDelegate.swift; sourceTree = "<group>"; };
		B0E4D8321DEA0653005C80FE /* MapViewController.swift */ = {isa = PBXFileReference; lastKnownFileType = sourcecode.swift; path = MapViewController.swift; sourceTree = "<group>"; };
		B0E4D8351DEA0654005C80FE /* Base */ = {isa = PBXFileReference; lastKnownFileType = file.storyboard; name = Base; path = Base.lproj/Main.storyboard; sourceTree = "<group>"; };
		B0E4D8371DEA0654005C80FE /* Assets.xcassets */ = {isa = PBXFileReference; lastKnownFileType = folder.assetcatalog; path = Assets.xcassets; sourceTree = "<group>"; };
		B0E4D83A1DEA0654005C80FE /* Base */ = {isa = PBXFileReference; lastKnownFileType = file.storyboard; name = Base; path = Base.lproj/LaunchScreen.storyboard; sourceTree = "<group>"; };
		B0E4D83C1DEA0654005C80FE /* Info.plist */ = {isa = PBXFileReference; lastKnownFileType = text.plist.xml; path = Info.plist; sourceTree = "<group>"; };
		B0E4D8411DEA0654005C80FE /* dota-helperTests.xctest */ = {isa = PBXFileReference; explicitFileType = wrapper.cfbundle; includeInIndex = 0; path = "dota-helperTests.xctest"; sourceTree = BUILT_PRODUCTS_DIR; };
		B0E4D8451DEA0654005C80FE /* dota_helperTests.swift */ = {isa = PBXFileReference; lastKnownFileType = sourcecode.swift; path = dota_helperTests.swift; sourceTree = "<group>"; };
		B0E4D8471DEA0654005C80FE /* Info.plist */ = {isa = PBXFileReference; lastKnownFileType = text.plist.xml; path = Info.plist; sourceTree = "<group>"; };
		B0E4D8501DEA0A75005C80FE /* ImageName.swift */ = {isa = PBXFileReference; fileEncoding = 4; lastKnownFileType = sourcecode.swift; path = ImageName.swift; sourceTree = "<group>"; };
		B0E4D8521DEA0CF6005C80FE /* ImageExtension.swift */ = {isa = PBXFileReference; fileEncoding = 4; lastKnownFileType = sourcecode.swift; path = ImageExtension.swift; sourceTree = "<group>"; };
		B0E4D8591DEA11BB005C80FE /* WardView.swift */ = {isa = PBXFileReference; fileEncoding = 4; lastKnownFileType = sourcecode.swift; path = WardView.swift; sourceTree = "<group>"; };
		B0E4D85B1DEA11CD005C80FE /* WardView.xib */ = {isa = PBXFileReference; fileEncoding = 4; lastKnownFileType = file.xib; path = WardView.xib; sourceTree = "<group>"; };
/* End PBXFileReference section */

/* Begin PBXFrameworksBuildPhase section */
		B0E4D82A1DEA0653005C80FE /* Frameworks */ = {
			isa = PBXFrameworksBuildPhase;
			buildActionMask = 2147483647;
			files = (
			);
			runOnlyForDeploymentPostprocessing = 0;
		};
		B0E4D83E1DEA0654005C80FE /* Frameworks */ = {
			isa = PBXFrameworksBuildPhase;
			buildActionMask = 2147483647;
			files = (
			);
			runOnlyForDeploymentPostprocessing = 0;
		};
/* End PBXFrameworksBuildPhase section */

/* Begin PBXGroup section */
		B0DDB01F1DEA34F00068C4F8 /* Models */ = {
			isa = PBXGroup;
			children = (
				B0DDB0221DEA3DF60068C4F8 /* GameState.swift */,
				B0DDB0241DEA3E6F0068C4F8 /* Ward.swift */,
				B0DDB01D1DEA34B10068C4F8 /* WardType.swift */,
			);
			name = Models;
			sourceTree = "<group>";
		};
		B0DDB0201DEA34FC0068C4F8 /* View Controllers */ = {
			isa = PBXGroup;
			children = (
				B0E4D8321DEA0653005C80FE /* MapViewController.swift */,
			);
			name = "View Controllers";
			sourceTree = "<group>";
		};
		B0DDB0211DEA35040068C4F8 /* Views */ = {
			isa = PBXGroup;
			children = (
				B0E4D85D1DEA12DE005C80FE /* WardView */,
			);
			name = Views;
			sourceTree = "<group>";
		};
		B0E4D8241DEA0653005C80FE = {
			isa = PBXGroup;
			children = (
				B0E4D82F1DEA0653005C80FE /* dota-helper */,
				B0E4D8441DEA0654005C80FE /* dota-helperTests */,
				B0E4D82E1DEA0653005C80FE /* Products */,
			);
			sourceTree = "<group>";
		};
		B0E4D82E1DEA0653005C80FE /* Products */ = {
			isa = PBXGroup;
			children = (
				B0E4D82D1DEA0653005C80FE /* dota-helper.app */,
				B0E4D8411DEA0654005C80FE /* dota-helperTests.xctest */,
			);
			name = Products;
			sourceTree = "<group>";
		};
		B0E4D82F1DEA0653005C80FE /* dota-helper */ = {
			isa = PBXGroup;
			children = (
				B0E4D8561DEA1163005C80FE /* UI */,
				B0DDB01F1DEA34F00068C4F8 /* Models */,
				B0E4D8541DEA1129005C80FE /* Helper Extensions */,
				B0E4D8551DEA1133005C80FE /* Supporting Files */,
			);
			path = "dota-helper";
			sourceTree = "<group>";
		};
		B0E4D8441DEA0654005C80FE /* dota-helperTests */ = {
			isa = PBXGroup;
			children = (
				B0E4D8451DEA0654005C80FE /* dota_helperTests.swift */,
				B0E4D8471DEA0654005C80FE /* Info.plist */,
			);
			path = "dota-helperTests";
			sourceTree = "<group>";
		};
		B0E4D8541DEA1129005C80FE /* Helper Extensions */ = {
			isa = PBXGroup;
			children = (
				B0E4D8521DEA0CF6005C80FE /* ImageExtension.swift */,
			);
			name = "Helper Extensions";
			sourceTree = "<group>";
		};
		B0E4D8551DEA1133005C80FE /* Supporting Files */ = {
			isa = PBXGroup;
			children = (
				B0E4D8301DEA0653005C80FE /* AppDelegate.swift */,
				B0E4D8371DEA0654005C80FE /* Assets.xcassets */,
				B0E4D8501DEA0A75005C80FE /* ImageName.swift */,
				B0E4D8391DEA0654005C80FE /* LaunchScreen.storyboard */,
				B0E4D83C1DEA0654005C80FE /* Info.plist */,
			);
			name = "Supporting Files";
			sourceTree = "<group>";
		};
		B0E4D8561DEA1163005C80FE /* UI */ = {
			isa = PBXGroup;
			children = (
				B0E4D8341DEA0654005C80FE /* Main.storyboard */,
				B0DDB0201DEA34FC0068C4F8 /* View Controllers */,
				B0DDB0211DEA35040068C4F8 /* Views */,
			);
			name = UI;
			sourceTree = "<group>";
		};
		B0E4D85D1DEA12DE005C80FE /* WardView */ = {
			isa = PBXGroup;
			children = (
				B0E4D8591DEA11BB005C80FE /* WardView.swift */,
				B0E4D85B1DEA11CD005C80FE /* WardView.xib */,
			);
			name = WardView;
			sourceTree = "<group>";
		};
/* End PBXGroup section */

/* Begin PBXNativeTarget section */
		B0E4D82C1DEA0653005C80FE /* dota-helper */ = {
			isa = PBXNativeTarget;
			buildConfigurationList = B0E4D84A1DEA0654005C80FE /* Build configuration list for PBXNativeTarget "dota-helper" */;
			buildPhases = (
				B0E4D8291DEA0653005C80FE /* Sources */,
				B0E4D82A1DEA0653005C80FE /* Frameworks */,
				B0E4D82B1DEA0653005C80FE /* Resources */,
			);
			buildRules = (
			);
			dependencies = (
			);
			name = "dota-helper";
			productName = "dota-helper";
			productReference = B0E4D82D1DEA0653005C80FE /* dota-helper.app */;
			productType = "com.apple.product-type.application";
		};
		B0E4D8401DEA0654005C80FE /* dota-helperTests */ = {
			isa = PBXNativeTarget;
			buildConfigurationList = B0E4D84D1DEA0654005C80FE /* Build configuration list for PBXNativeTarget "dota-helperTests" */;
			buildPhases = (
				B0E4D83D1DEA0654005C80FE /* Sources */,
				B0E4D83E1DEA0654005C80FE /* Frameworks */,
				B0E4D83F1DEA0654005C80FE /* Resources */,
			);
			buildRules = (
			);
			dependencies = (
				B0E4D8431DEA0654005C80FE /* PBXTargetDependency */,
			);
			name = "dota-helperTests";
			productName = "dota-helperTests";
			productReference = B0E4D8411DEA0654005C80FE /* dota-helperTests.xctest */;
			productType = "com.apple.product-type.bundle.unit-test";
		};
/* End PBXNativeTarget section */

/* Begin PBXProject section */
		B0E4D8251DEA0653005C80FE /* Project object */ = {
			isa = PBXProject;
			attributes = {
				LastSwiftUpdateCheck = 0820;
				LastUpgradeCheck = 0820;
				ORGANIZATIONNAME = "Canna Wen";
				TargetAttributes = {
					B0E4D82C1DEA0653005C80FE = {
						CreatedOnToolsVersion = 8.2;
						DevelopmentTeam = 9G7L5S665U;
						ProvisioningStyle = Automatic;
					};
					B0E4D8401DEA0654005C80FE = {
						CreatedOnToolsVersion = 8.2;
						ProvisioningStyle = Automatic;
						TestTargetID = B0E4D82C1DEA0653005C80FE;
					};
				};
			};
			buildConfigurationList = B0E4D8281DEA0653005C80FE /* Build configuration list for PBXProject "dota-helper" */;
			compatibilityVersion = "Xcode 3.2";
			developmentRegion = English;
			hasScannedForEncodings = 0;
			knownRegions = (
				en,
				Base,
			);
			mainGroup = B0E4D8241DEA0653005C80FE;
			productRefGroup = B0E4D82E1DEA0653005C80FE /* Products */;
			projectDirPath = "";
			projectRoot = "";
			targets = (
				B0E4D82C1DEA0653005C80FE /* dota-helper */,
				B0E4D8401DEA0654005C80FE /* dota-helperTests */,
			);
		};
/* End PBXProject section */

/* Begin PBXResourcesBuildPhase section */
		B0E4D82B1DEA0653005C80FE /* Resources */ = {
			isa = PBXResourcesBuildPhase;
			buildActionMask = 2147483647;
			files = (
				B0E4D83B1DEA0654005C80FE /* LaunchScreen.storyboard in Resources */,
				B0E4D8381DEA0654005C80FE /* Assets.xcassets in Resources */,
				B0E4D85C1DEA11CD005C80FE /* WardView.xib in Resources */,
				B0E4D8361DEA0654005C80FE /* Main.storyboard in Resources */,
			);
			runOnlyForDeploymentPostprocessing = 0;
		};
		B0E4D83F1DEA0654005C80FE /* Resources */ = {
			isa = PBXResourcesBuildPhase;
			buildActionMask = 2147483647;
			files = (
			);
			runOnlyForDeploymentPostprocessing = 0;
		};
/* End PBXResourcesBuildPhase section */

/* Begin PBXSourcesBuildPhase section */
		B0E4D8291DEA0653005C80FE /* Sources */ = {
			isa = PBXSourcesBuildPhase;
			buildActionMask = 2147483647;
			files = (
				B0DDB0231DEA3DF60068C4F8 /* GameState.swift in Sources */,
				B0E4D8511DEA0A75005C80FE /* ImageName.swift in Sources */,
				B0E4D8331DEA0653005C80FE /* MapViewController.swift in Sources */,
				B0DDB0251DEA3E6F0068C4F8 /* Ward.swift in Sources */,
				B0E4D85A1DEA11BB005C80FE /* WardView.swift in Sources */,
				B0E4D8311DEA0653005C80FE /* AppDelegate.swift in Sources */,
				B0E4D8531DEA0CF6005C80FE /* ImageExtension.swift in Sources */,
				B0DDB01E1DEA34B10068C4F8 /* WardType.swift in Sources */,
			);
			runOnlyForDeploymentPostprocessing = 0;
		};
		B0E4D83D1DEA0654005C80FE /* Sources */ = {
			isa = PBXSourcesBuildPhase;
			buildActionMask = 2147483647;
			files = (
				B0E4D8461DEA0654005C80FE /* dota_helperTests.swift in Sources */,
			);
			runOnlyForDeploymentPostprocessing = 0;
		};
/* End PBXSourcesBuildPhase section */

/* Begin PBXTargetDependency section */
		B0E4D8431DEA0654005C80FE /* PBXTargetDependency */ = {
			isa = PBXTargetDependency;
			target = B0E4D82C1DEA0653005C80FE /* dota-helper */;
			targetProxy = B0E4D8421DEA0654005C80FE /* PBXContainerItemProxy */;
		};
/* End PBXTargetDependency section */

/* Begin PBXVariantGroup section */
		B0E4D8341DEA0654005C80FE /* Main.storyboard */ = {
			isa = PBXVariantGroup;
			children = (
				B0E4D8351DEA0654005C80FE /* Base */,
			);
			name = Main.storyboard;
			sourceTree = "<group>";
		};
		B0E4D8391DEA0654005C80FE /* LaunchScreen.storyboard */ = {
			isa = PBXVariantGroup;
			children = (
				B0E4D83A1DEA0654005C80FE /* Base */,
			);
			name = LaunchScreen.storyboard;
			sourceTree = "<group>";
		};
/* End PBXVariantGroup section */

/* Begin XCBuildConfiguration section */
		B0E4D8481DEA0654005C80FE /* Debug */ = {
			isa = XCBuildConfiguration;
			buildSettings = {
				ALWAYS_SEARCH_USER_PATHS = NO;
				CLANG_ANALYZER_NONNULL = YES;
				CLANG_CXX_LANGUAGE_STANDARD = "gnu++0x";
				CLANG_CXX_LIBRARY = "libc++";
				CLANG_ENABLE_MODULES = YES;
				CLANG_ENABLE_OBJC_ARC = YES;
				CLANG_WARN_BOOL_CONVERSION = YES;
				CLANG_WARN_CONSTANT_CONVERSION = YES;
				CLANG_WARN_DIRECT_OBJC_ISA_USAGE = YES_ERROR;
				CLANG_WARN_DOCUMENTATION_COMMENTS = YES;
				CLANG_WARN_EMPTY_BODY = YES;
				CLANG_WARN_ENUM_CONVERSION = YES;
				CLANG_WARN_INFINITE_RECURSION = YES;
				CLANG_WARN_INT_CONVERSION = YES;
				CLANG_WARN_OBJC_ROOT_CLASS = YES_ERROR;
				CLANG_WARN_SUSPICIOUS_MOVE = YES;
				CLANG_WARN_UNREACHABLE_CODE = YES;
				CLANG_WARN__DUPLICATE_METHOD_MATCH = YES;
				"CODE_SIGN_IDENTITY[sdk=iphoneos*]" = "iPhone Developer";
				COPY_PHASE_STRIP = NO;
				DEBUG_INFORMATION_FORMAT = dwarf;
				ENABLE_STRICT_OBJC_MSGSEND = YES;
				ENABLE_TESTABILITY = YES;
				GCC_C_LANGUAGE_STANDARD = gnu99;
				GCC_DYNAMIC_NO_PIC = NO;
				GCC_NO_COMMON_BLOCKS = YES;
				GCC_OPTIMIZATION_LEVEL = 0;
				GCC_PREPROCESSOR_DEFINITIONS = (
					"DEBUG=1",
					"$(inherited)",
				);
				GCC_WARN_64_TO_32_BIT_CONVERSION = YES;
				GCC_WARN_ABOUT_RETURN_TYPE = YES_ERROR;
				GCC_WARN_UNDECLARED_SELECTOR = YES;
				GCC_WARN_UNINITIALIZED_AUTOS = YES_AGGRESSIVE;
				GCC_WARN_UNUSED_FUNCTION = YES;
				GCC_WARN_UNUSED_VARIABLE = YES;
				IPHONEOS_DEPLOYMENT_TARGET = 8.0;
				MTL_ENABLE_DEBUG_INFO = YES;
				ONLY_ACTIVE_ARCH = YES;
				SDKROOT = iphoneos;
				SWIFT_ACTIVE_COMPILATION_CONDITIONS = DEBUG;
				SWIFT_OPTIMIZATION_LEVEL = "-Onone";
				TARGETED_DEVICE_FAMILY = "1,2";
			};
			name = Debug;
		};
		B0E4D8491DEA0654005C80FE /* Release */ = {
			isa = XCBuildConfiguration;
			buildSettings = {
				ALWAYS_SEARCH_USER_PATHS = NO;
				CLANG_ANALYZER_NONNULL = YES;
				CLANG_CXX_LANGUAGE_STANDARD = "gnu++0x";
				CLANG_CXX_LIBRARY = "libc++";
				CLANG_ENABLE_MODULES = YES;
				CLANG_ENABLE_OBJC_ARC = YES;
				CLANG_WARN_BOOL_CONVERSION = YES;
				CLANG_WARN_CONSTANT_CONVERSION = YES;
				CLANG_WARN_DIRECT_OBJC_ISA_USAGE = YES_ERROR;
				CLANG_WARN_DOCUMENTATION_COMMENTS = YES;
				CLANG_WARN_EMPTY_BODY = YES;
				CLANG_WARN_ENUM_CONVERSION = YES;
				CLANG_WARN_INFINITE_RECURSION = YES;
				CLANG_WARN_INT_CONVERSION = YES;
				CLANG_WARN_OBJC_ROOT_CLASS = YES_ERROR;
				CLANG_WARN_SUSPICIOUS_MOVE = YES;
				CLANG_WARN_UNREACHABLE_CODE = YES;
				CLANG_WARN__DUPLICATE_METHOD_MATCH = YES;
				"CODE_SIGN_IDENTITY[sdk=iphoneos*]" = "iPhone Developer";
				COPY_PHASE_STRIP = NO;
				DEBUG_INFORMATION_FORMAT = "dwarf-with-dsym";
				ENABLE_NS_ASSERTIONS = NO;
				ENABLE_STRICT_OBJC_MSGSEND = YES;
				GCC_C_LANGUAGE_STANDARD = gnu99;
				GCC_NO_COMMON_BLOCKS = YES;
				GCC_WARN_64_TO_32_BIT_CONVERSION = YES;
				GCC_WARN_ABOUT_RETURN_TYPE = YES_ERROR;
				GCC_WARN_UNDECLARED_SELECTOR = YES;
				GCC_WARN_UNINITIALIZED_AUTOS = YES_AGGRESSIVE;
				GCC_WARN_UNUSED_FUNCTION = YES;
				GCC_WARN_UNUSED_VARIABLE = YES;
				IPHONEOS_DEPLOYMENT_TARGET = 8.0;
				MTL_ENABLE_DEBUG_INFO = NO;
				SDKROOT = iphoneos;
				SWIFT_OPTIMIZATION_LEVEL = "-Owholemodule";
				TARGETED_DEVICE_FAMILY = "1,2";
				VALIDATE_PRODUCT = YES;
			};
			name = Release;
		};
		B0E4D84B1DEA0654005C80FE /* Debug */ = {
			isa = XCBuildConfiguration;
			buildSettings = {
				ASSETCATALOG_COMPILER_APPICON_NAME = AppIcon;
				DEVELOPMENT_TEAM = 9G7L5S665U;
				INFOPLIST_FILE = "dota-helper/Info.plist";
				IPHONEOS_DEPLOYMENT_TARGET = 8.0;
				LD_RUNPATH_SEARCH_PATHS = "$(inherited) @executable_path/Frameworks";
				PRODUCT_BUNDLE_IDENTIFIER = "canna.wen.dota-helper";
				PRODUCT_NAME = "$(TARGET_NAME)";
				SWIFT_VERSION = 3.0;
			};
			name = Debug;
		};
		B0E4D84C1DEA0654005C80FE /* Release */ = {
			isa = XCBuildConfiguration;
			buildSettings = {
				ASSETCATALOG_COMPILER_APPICON_NAME = AppIcon;
				DEVELOPMENT_TEAM = 9G7L5S665U;
				INFOPLIST_FILE = "dota-helper/Info.plist";
				IPHONEOS_DEPLOYMENT_TARGET = 8.0;
				LD_RUNPATH_SEARCH_PATHS = "$(inherited) @executable_path/Frameworks";
				PRODUCT_BUNDLE_IDENTIFIER = "canna.wen.dota-helper";
				PRODUCT_NAME = "$(TARGET_NAME)";
				SWIFT_VERSION = 3.0;
			};
			name = Release;
		};
		B0E4D84E1DEA0654005C80FE /* Debug */ = {
			isa = XCBuildConfiguration;
			buildSettings = {
				ALWAYS_EMBED_SWIFT_STANDARD_LIBRARIES = YES;
				BUNDLE_LOADER = "$(TEST_HOST)";
				INFOPLIST_FILE = "dota-helperTests/Info.plist";
				LD_RUNPATH_SEARCH_PATHS = "$(inherited) @executable_path/Frameworks @loader_path/Frameworks";
				PRODUCT_BUNDLE_IDENTIFIER = "canna.wen.dota-helperTests";
				PRODUCT_NAME = "$(TARGET_NAME)";
				SWIFT_VERSION = 3.0;
				TEST_HOST = "$(BUILT_PRODUCTS_DIR)/dota-helper.app/dota-helper";
			};
			name = Debug;
		};
		B0E4D84F1DEA0654005C80FE /* Release */ = {
			isa = XCBuildConfiguration;
			buildSettings = {
				ALWAYS_EMBED_SWIFT_STANDARD_LIBRARIES = YES;
				BUNDLE_LOADER = "$(TEST_HOST)";
				INFOPLIST_FILE = "dota-helperTests/Info.plist";
				LD_RUNPATH_SEARCH_PATHS = "$(inherited) @executable_path/Frameworks @loader_path/Frameworks";
				PRODUCT_BUNDLE_IDENTIFIER = "canna.wen.dota-helperTests";
				PRODUCT_NAME = "$(TARGET_NAME)";
				SWIFT_VERSION = 3.0;
				TEST_HOST = "$(BUILT_PRODUCTS_DIR)/dota-helper.app/dota-helper";
			};
			name = Release;
		};
/* End XCBuildConfiguration section */

/* Begin XCConfigurationList section */
		B0E4D8281DEA0653005C80FE /* Build configuration list for PBXProject "dota-helper" */ = {
			isa = XCConfigurationList;
			buildConfigurations = (
				B0E4D8481DEA0654005C80FE /* Debug */,
				B0E4D8491DEA0654005C80FE /* Release */,
			);
			defaultConfigurationIsVisible = 0;
			defaultConfigurationName = Release;
		};
		B0E4D84A1DEA0654005C80FE /* Build configuration list for PBXNativeTarget "dota-helper" */ = {
			isa = XCConfigurationList;
			buildConfigurations = (
				B0E4D84B1DEA0654005C80FE /* Debug */,
				B0E4D84C1DEA0654005C80FE /* Release */,
			);
			defaultConfigurationIsVisible = 0;
			defaultConfigurationName = Release;
		};
		B0E4D84D1DEA0654005C80FE /* Build configuration list for PBXNativeTarget "dota-helperTests" */ = {
			isa = XCConfigurationList;
			buildConfigurations = (
				B0E4D84E1DEA0654005C80FE /* Debug */,
				B0E4D84F1DEA0654005C80FE /* Release */,
			);
			defaultConfigurationIsVisible = 0;
			defaultConfigurationName = Release;
		};
/* End XCConfigurationList section */
	};
	rootObject = B0E4D8251DEA0653005C80FE /* Project object */;
}
